// !$*UTF8*$!
{
	archiveVersion = 1;
	classes = {
	};
	objectVersion = 77;
	objects = {

/* Begin PBXContainerItemProxy section */
		6C67B05A2E68D85200E2BD56 /* PBXContainerItemProxy */ = {
			isa = PBXContainerItemProxy;
			containerPortal = 6C67B0432E68D85100E2BD56 /* Project object */;
			proxyType = 1;
			remoteGlobalIDString = 6C67B04A2E68D85200E2BD56;
			remoteInfo = blinkly;
		};
		6C67B0642E68D85200E2BD56 /* PBXContainerItemProxy */ = {
			isa = PBXContainerItemProxy;
			containerPortal = 6C67B0432E68D85100E2BD56 /* Project object */;
			proxyType = 1;
			remoteGlobalIDString = 6C67B04A2E68D85200E2BD56;
			remoteInfo = blinkly;
		};
/* End PBXContainerItemProxy section */

/* Begin PBXFileReference section */
		6C67B04B2E68D85200E2BD56 /* blinkly.app */ = {isa = PBXFileReference; explicitFileType = wrapper.application; includeInIndex = 0; path = blinkly.app; sourceTree = BUILT_PRODUCTS_DIR; };
		6C67B0592E68D85200E2BD56 /* blinklyTests.xctest */ = {isa = PBXFileReference; explicitFileType = wrapper.cfbundle; includeInIndex = 0; path = blinklyTests.xctest; sourceTree = BUILT_PRODUCTS_DIR; };
		6C67B0632E68D85200E2BD56 /* blinklyUITests.xctest */ = {isa = PBXFileReference; explicitFileType = wrapper.cfbundle; includeInIndex = 0; path = blinklyUITests.xctest; sourceTree = BUILT_PRODUCTS_DIR; };
/* End PBXFileReference section */

/* Begin PBXFileSystemSynchronizedRootGroup section */
		6C67B04D2E68D85200E2BD56 /* blinkly */ = {
			isa = PBXFileSystemSynchronizedRootGroup;
			path = blinkly;
			sourceTree = "<group>";
		};
		6C67B05C2E68D85200E2BD56 /* blinklyTests */ = {
			isa = PBXFileSystemSynchronizedRootGroup;
			path = blinklyTests;
			sourceTree = "<group>";
		};
		6C67B0662E68D85200E2BD56 /* blinklyUITests */ = {
			isa = PBXFileSystemSynchronizedRootGroup;
			path = blinklyUITests;
			sourceTree = "<group>";
		};
/* End PBXFileSystemSynchronizedRootGroup section */

/* Begin PBXFrameworksBuildPhase section */
		6C67B0482E68D85200E2BD56 /* Frameworks */ = {
			isa = PBXFrameworksBuildPhase;
			buildActionMask = 2147483647;
			files = (
			);
			runOnlyForDeploymentPostprocessing = 0;
		};
		6C67B0562E68D85200E2BD56 /* Frameworks */ = {
			isa = PBXFrameworksBuildPhase;
			buildActionMask = 2147483647;
			files = (
			);
			runOnlyForDeploymentPostprocessing = 0;
		};
		6C67B0602E68D85200E2BD56 /* Frameworks */ = {
			isa = PBXFrameworksBuildPhase;
			buildActionMask = 2147483647;
			files = (
			);
			runOnlyForDeploymentPostprocessing = 0;
		};
/* End PBXFrameworksBuildPhase section */

/* Begin PBXGroup section */
		6C67B0422E68D85100E2BD56 = {
			isa = PBXGroup;
			children = (
				6C67B04D2E68D85200E2BD56 /* blinkly */,
				6C67B05C2E68D85200E2BD56 /* blinklyTests */,
				6C67B0662E68D85200E2BD56 /* blinklyUITests */,
				6C67B04C2E68D85200E2BD56 /* Products */,
			);
			sourceTree = "<group>";
		};
		6C67B04C2E68D85200E2BD56 /* Products */ = {
			isa = PBXGroup;
			children = (
				6C67B04B2E68D85200E2BD56 /* blinkly.app */,
				6C67B0592E68D85200E2BD56 /* blinklyTests.xctest */,
				6C67B0632E68D85200E2BD56 /* blinklyUITests.xctest */,
			);
			name = Products;
			sourceTree = "<group>";
		};
/* End PBXGroup section */

/* Begin PBXNativeTarget section */
		6C67B04A2E68D85200E2BD56 /* blinkly */ = {
			isa = PBXNativeTarget;
			buildConfigurationList = 6C67B06D2E68D85200E2BD56 /* Build configuration list for PBXNativeTarget "blinkly" */;
			buildPhases = (
				6C67B0472E68D85200E2BD56 /* Sources */,
				6C67B0482E68D85200E2BD56 /* Frameworks */,
				6C67B0492E68D85200E2BD56 /* Resources */,
			);
			buildRules = (
			);
			dependencies = (
			);
			fileSystemSynchronizedGroups = (
				6C67B04D2E68D85200E2BD56 /* blinkly */,
			);
			name = blinkly;
			packageProductDependencies = (
			);
			productName = blinkly;
			productReference = 6C67B04B2E68D85200E2BD56 /* blinkly.app */;
			productType = "com.apple.product-type.application";
		};
		6C67B0582E68D85200E2BD56 /* blinklyTests */ = {
			isa = PBXNativeTarget;
			buildConfigurationList = 6C67B0702E68D85200E2BD56 /* Build configuration list for PBXNativeTarget "blinklyTests" */;
			buildPhases = (
				6C67B0552E68D85200E2BD56 /* Sources */,
				6C67B0562E68D85200E2BD56 /* Frameworks */,
				6C67B0572E68D85200E2BD56 /* Resources */,
			);
			buildRules = (
			);
			dependencies = (
				6C67B05B2E68D85200E2BD56 /* PBXTargetDependency */,
			);
			fileSystemSynchronizedGroups = (
				6C67B05C2E68D85200E2BD56 /* blinklyTests */,
			);
			name = blinklyTests;
			packageProductDependencies = (
			);
			productName = blinklyTests;
			productReference = 6C67B0592E68D85200E2BD56 /* blinklyTests.xctest */;
			productType = "com.apple.product-type.bundle.unit-test";
		};
		6C67B0622E68D85200E2BD56 /* blinklyUITests */ = {
			isa = PBXNativeTarget;
			buildConfigurationList = 6C67B0732E68D85200E2BD56 /* Build configuration list for PBXNativeTarget "blinklyUITests" */;
			buildPhases = (
				6C67B05F2E68D85200E2BD56 /* Sources */,
				6C67B0602E68D85200E2BD56 /* Frameworks */,
				6C67B0612E68D85200E2BD56 /* Resources */,
			);
			buildRules = (
			);
			dependencies = (
				6C67B0652E68D85200E2BD56 /* PBXTargetDependency */,
			);
			fileSystemSynchronizedGroups = (
				6C67B0662E68D85200E2BD56 /* blinklyUITests */,
			);
			name = blinklyUITests;
			packageProductDependencies = (
			);
			productName = blinklyUITests;
			productReference = 6C67B0632E68D85200E2BD56 /* blinklyUITests.xctest */;
			productType = "com.apple.product-type.bundle.ui-testing";
		};
/* End PBXNativeTarget section */

/* Begin PBXProject section */
		6C67B0432E68D85100E2BD56 /* Project object */ = {
			isa = PBXProject;
			attributes = {
				BuildIndependentTargetsInParallel = 1;
				LastSwiftUpdateCheck = 1640;
				LastUpgradeCheck = 1640;
				TargetAttributes = {
					6C67B04A2E68D85200E2BD56 = {
						CreatedOnToolsVersion = 16.4;
					};
					6C67B0582E68D85200E2BD56 = {
						CreatedOnToolsVersion = 16.4;
						TestTargetID = 6C67B04A2E68D85200E2BD56;
					};
					6C67B0622E68D85200E2BD56 = {
						CreatedOnToolsVersion = 16.4;
						TestTargetID = 6C67B04A2E68D85200E2BD56;
					};
				};
			};
			buildConfigurationList = 6C67B0462E68D85100E2BD56 /* Build configuration list for PBXProject "blinkly" */;
			developmentRegion = en;
			hasScannedForEncodings = 0;
			knownRegions = (
				en,
				Base,
			);
			mainGroup = 6C67B0422E68D85100E2BD56;
			minimizedProjectReferenceProxies = 1;
			preferredProjectObjectVersion = 77;
			productRefGroup = 6C67B04C2E68D85200E2BD56 /* Products */;
			projectDirPath = "";
			projectRoot = "";
			targets = (
				6C67B04A2E68D85200E2BD56 /* blinkly */,
				6C67B0582E68D85200E2BD56 /* blinklyTests */,
				6C67B0622E68D85200E2BD56 /* blinklyUITests */,
			);
		};
/* End PBXProject section */

/* Begin PBXResourcesBuildPhase section */
		6C67B0492E68D85200E2BD56 /* Resources */ = {
			isa = PBXResourcesBuildPhase;
			buildActionMask = 2147483647;
			files = (
			);
			runOnlyForDeploymentPostprocessing = 0;
		};
		6C67B0572E68D85200E2BD56 /* Resources */ = {
			isa = PBXResourcesBuildPhase;
			buildActionMask = 2147483647;
			files = (
			);
			runOnlyForDeploymentPostprocessing = 0;
		};
		6C67B0612E68D85200E2BD56 /* Resources */ = {
			isa = PBXResourcesBuildPhase;
			buildActionMask = 2147483647;
			files = (
			);
			runOnlyForDeploymentPostprocessing = 0;
		};
/* End PBXResourcesBuildPhase section */

/* Begin PBXSourcesBuildPhase section */
		6C67B0472E68D85200E2BD56 /* Sources */ = {
			isa = PBXSourcesBuildPhase;
			buildActionMask = 2147483647;
			files = (
			);
			runOnlyForDeploymentPostprocessing = 0;
		};
		6C67B0552E68D85200E2BD56 /* Sources */ = {
			isa = PBXSourcesBuildPhase;
			buildActionMask = 2147483647;
			files = (
			);
			runOnlyForDeploymentPostprocessing = 0;
		};
		6C67B05F2E68D85200E2BD56 /* Sources */ = {
			isa = PBXSourcesBuildPhase;
			buildActionMask = 2147483647;
			files = (
			);
			runOnlyForDeploymentPostprocessing = 0;
		};
/* End PBXSourcesBuildPhase section */

/* Begin PBXTargetDependency section */
		6C67B05B2E68D85200E2BD56 /* PBXTargetDependency */ = {
			isa = PBXTargetDependency;
			target = 6C67B04A2E68D85200E2BD56 /* blinkly */;
			targetProxy = 6C67B05A2E68D85200E2BD56 /* PBXContainerItemProxy */;
		};
		6C67B0652E68D85200E2BD56 /* PBXTargetDependency */ = {
			isa = PBXTargetDependency;
			target = 6C67B04A2E68D85200E2BD56 /* blinkly */;
			targetProxy = 6C67B0642E68D85200E2BD56 /* PBXContainerItemProxy */;
		};
/* End PBXTargetDependency section */

/* Begin XCBuildConfiguration section */
		6C67B06B2E68D85200E2BD56 /* Debug */ = {
			isa = XCBuildConfiguration;
			buildSettings = {
				ALWAYS_SEARCH_USER_PATHS = NO;
				ASSETCATALOG_COMPILER_GENERATE_SWIFT_ASSET_SYMBOL_EXTENSIONS = YES;
				CLANG_ANALYZER_NONNULL = YES;
				CLANG_ANALYZER_NUMBER_OBJECT_CONVERSION = YES_AGGRESSIVE;
				CLANG_CXX_LANGUAGE_STANDARD = "gnu++20";
				CLANG_ENABLE_MODULES = YES;
				CLANG_ENABLE_OBJC_ARC = YES;
				CLANG_ENABLE_OBJC_WEAK = YES;
				CLANG_WARN_BLOCK_CAPTURE_AUTORELEASING = YES;
				CLANG_WARN_BOOL_CONVERSION = YES;
				CLANG_WARN_COMMA = YES;
				CLANG_WARN_CONSTANT_CONVERSION = YES;
				CLANG_WARN_DEPRECATED_OBJC_IMPLEMENTATIONS = YES;
				CLANG_WARN_DIRECT_OBJC_ISA_USAGE = YES_ERROR;
				CLANG_WARN_DOCUMENTATION_COMMENTS = YES;
				CLANG_WARN_EMPTY_BODY = YES;
				CLANG_WARN_ENUM_CONVERSION = YES;
				CLANG_WARN_INFINITE_RECURSION = YES;
				CLANG_WARN_INT_CONVERSION = YES;
				CLANG_WARN_NON_LITERAL_NULL_CONVERSION = YES;
				CLANG_WARN_OBJC_IMPLICIT_RETAIN_SELF = YES;
				CLANG_WARN_OBJC_LITERAL_CONVERSION = YES;
				CLANG_WARN_OBJC_ROOT_CLASS = YES_ERROR;
				CLANG_WARN_QUOTED_INCLUDE_IN_FRAMEWORK_HEADER = YES;
				CLANG_WARN_RANGE_LOOP_ANALYSIS = YES;
				CLANG_WARN_STRICT_PROTOTYPES = YES;
				CLANG_WARN_SUSPICIOUS_MOVE = YES;
				CLANG_WARN_UNGUARDED_AVAILABILITY = YES_AGGRESSIVE;
				CLANG_WARN_UNREACHABLE_CODE = YES;
				CLANG_WARN__DUPLICATE_METHOD_MATCH = YES;
				COPY_PHASE_STRIP = NO;
				DEBUG_INFORMATION_FORMAT = dwarf;
				DEVELOPMENT_TEAM = K2683UGGYD;
				ENABLE_STRICT_OBJC_MSGSEND = YES;
				ENABLE_TESTABILITY = YES;
				ENABLE_USER_SCRIPT_SANDBOXING = YES;
				GCC_C_LANGUAGE_STANDARD = gnu17;
				GCC_DYNAMIC_NO_PIC = NO;
				GCC_NO_COMMON_BLOCKS = YES;
				GCC_OPTIMIZATION_LEVEL = 0;
				GCC_PREPROCESSOR_DEFINITIONS = (
					"DEBUG=1",
					"$(inherited)",
				);
				GCC_WARN_64_TO_32_BIT_CONVERSION = YES;
				GCC_WARN_ABOUT_RETURN_TYPE = YES_ERROR;
				GCC_WARN_UNDECLARED_SELECTOR = YES;
				GCC_WARN_UNINITIALIZED_AUTOS = YES_AGGRESSIVE;
				GCC_WARN_UNUSED_FUNCTION = YES;
				GCC_WARN_UNUSED_VARIABLE = YES;
				LOCALIZATION_PREFERS_STRING_CATALOGS = YES;
				MACOSX_DEPLOYMENT_TARGET = 15.5;
				MTL_ENABLE_DEBUG_INFO = INCLUDE_SOURCE;
				MTL_FAST_MATH = YES;
				ONLY_ACTIVE_ARCH = YES;
				SDKROOT = macosx;
				SWIFT_ACTIVE_COMPILATION_CONDITIONS = "DEBUG $(inherited)";
				SWIFT_OPTIMIZATION_LEVEL = "-Onone";
			};
			name = Debug;
		};
		6C67B06C2E68D85200E2BD56 /* Release */ = {
			isa = XCBuildConfiguration;
			buildSettings = {
				ALWAYS_SEARCH_USER_PATHS = NO;
				ASSETCATALOG_COMPILER_GENERATE_SWIFT_ASSET_SYMBOL_EXTENSIONS = YES;
				CLANG_ANALYZER_NONNULL = YES;
				CLANG_ANALYZER_NUMBER_OBJECT_CONVERSION = YES_AGGRESSIVE;
				CLANG_CXX_LANGUAGE_STANDARD = "gnu++20";
				CLANG_ENABLE_MODULES = YES;
				CLANG_ENABLE_OBJC_ARC = YES;
				CLANG_ENABLE_OBJC_WEAK = YES;
				CLANG_WARN_BLOCK_CAPTURE_AUTORELEASING = YES;
				CLANG_WARN_BOOL_CONVERSION = YES;
				CLANG_WARN_COMMA = YES;
				CLANG_WARN_CONSTANT_CONVERSION = YES;
				CLANG_WARN_DEPRECATED_OBJC_IMPLEMENTATIONS = YES;
				CLANG_WARN_DIRECT_OBJC_ISA_USAGE = YES_ERROR;
				CLANG_WARN_DOCUMENTATION_COMMENTS = YES;
				CLANG_WARN_EMPTY_BODY = YES;
				CLANG_WARN_ENUM_CONVERSION = YES;
				CLANG_WARN_INFINITE_RECURSION = YES;
				CLANG_WARN_INT_CONVERSION = YES;
				CLANG_WARN_NON_LITERAL_NULL_CONVERSION = YES;
				CLANG_WARN_OBJC_IMPLICIT_RETAIN_SELF = YES;
				CLANG_WARN_OBJC_LITERAL_CONVERSION = YES;
				CLANG_WARN_OBJC_ROOT_CLASS = YES_ERROR;
				CLANG_WARN_QUOTED_INCLUDE_IN_FRAMEWORK_HEADER = YES;
				CLANG_WARN_RANGE_LOOP_ANALYSIS = YES;
				CLANG_WARN_STRICT_PROTOTYPES = YES;
				CLANG_WARN_SUSPICIOUS_MOVE = YES;
				CLANG_WARN_UNGUARDED_AVAILABILITY = YES_AGGRESSIVE;
				CLANG_WARN_UNREACHABLE_CODE = YES;
				CLANG_WARN__DUPLICATE_METHOD_MATCH = YES;
				COPY_PHASE_STRIP = NO;
				DEBUG_INFORMATION_FORMAT = "dwarf-with-dsym";
				DEVELOPMENT_TEAM = K2683UGGYD;
				ENABLE_NS_ASSERTIONS = NO;
				ENABLE_STRICT_OBJC_MSGSEND = YES;
				ENABLE_USER_SCRIPT_SANDBOXING = YES;
				GCC_C_LANGUAGE_STANDARD = gnu17;
				GCC_NO_COMMON_BLOCKS = YES;
				GCC_WARN_64_TO_32_BIT_CONVERSION = YES;
				GCC_WARN_ABOUT_RETURN_TYPE = YES_ERROR;
				GCC_WARN_UNDECLARED_SELECTOR = YES;
				GCC_WARN_UNINITIALIZED_AUTOS = YES_AGGRESSIVE;
				GCC_WARN_UNUSED_FUNCTION = YES;
				GCC_WARN_UNUSED_VARIABLE = YES;
				LOCALIZATION_PREFERS_STRING_CATALOGS = YES;
				MACOSX_DEPLOYMENT_TARGET = 15.5;
				MTL_ENABLE_DEBUG_INFO = NO;
				MTL_FAST_MATH = YES;
				SDKROOT = macosx;
				SWIFT_COMPILATION_MODE = wholemodule;
			};
			name = Release;
		};
		6C67B06E2E68D85200E2BD56 /* Debug */ = {
			isa = XCBuildConfiguration;
			buildSettings = {
				ASSETCATALOG_COMPILER_APPICON_NAME = AppIcon;
				ASSETCATALOG_COMPILER_GLOBAL_ACCENT_COLOR_NAME = AccentColor;
				CODE_SIGN_ENTITLEMENTS = blinkly/blinkly.entitlements;
				CODE_SIGN_STYLE = Automatic;
				COMBINE_HIDPI_IMAGES = YES;
				CURRENT_PROJECT_VERSION = 1;
				DEVELOPMENT_TEAM = K2683UGGYD;
				ENABLE_HARDENED_RUNTIME = YES;
				ENABLE_PREVIEWS = YES;
				GENERATE_INFOPLIST_FILE = YES;
				INFOPLIST_KEY_NSHumanReadableCopyright = "";
				LD_RUNPATH_SEARCH_PATHS = (
					"$(inherited)",
					"@executable_path/../Frameworks",
				);
				MARKETING_VERSION = 1.0;
				PRODUCT_BUNDLE_IDENTIFIER = noir.blinkly;
				PRODUCT_NAME = "$(TARGET_NAME)";
				REGISTER_APP_GROUPS = YES;
				SWIFT_EMIT_LOC_STRINGS = YES;
				SWIFT_VERSION = 5.0;
			};
			name = Debug;
		};
		6C67B06F2E68D85200E2BD56 /* Release */ = {
			isa = XCBuildConfiguration;
			buildSettings = {
				ASSETCATALOG_COMPILER_APPICON_NAME = AppIcon;
				ASSETCATALOG_COMPILER_GLOBAL_ACCENT_COLOR_NAME = AccentColor;
				CODE_SIGN_ENTITLEMENTS = blinkly/blinkly.entitlements;
				CODE_SIGN_STYLE = Automatic;
				COMBINE_HIDPI_IMAGES = YES;
				CURRENT_PROJECT_VERSION = 1;
				DEVELOPMENT_TEAM = K2683UGGYD;
				ENABLE_HARDENED_RUNTIME = YES;
				ENABLE_PREVIEWS = YES;
				GENERATE_INFOPLIST_FILE = YES;
				INFOPLIST_KEY_NSHumanReadableCopyright = "";
				LD_RUNPATH_SEARCH_PATHS = (
					"$(inherited)",
					"@executable_path/../Frameworks",
				);
				MARKETING_VERSION = 1.0;
				PRODUCT_BUNDLE_IDENTIFIER = noir.blinkly;
				PRODUCT_NAME = "$(TARGET_NAME)";
				REGISTER_APP_GROUPS = YES;
				SWIFT_EMIT_LOC_STRINGS = YES;
				SWIFT_VERSION = 5.0;
			};
			name = Release;
		};
		6C67B0712E68D85200E2BD56 /* Debug */ = {
			isa = XCBuildConfiguration;
			buildSettings = {
				BUNDLE_LOADER = "$(TEST_HOST)";
				CODE_SIGN_STYLE = Automatic;
				CURRENT_PROJECT_VERSION = 1;
				DEVELOPMENT_TEAM = K2683UGGYD;
				GENERATE_INFOPLIST_FILE = YES;
				MACOSX_DEPLOYMENT_TARGET = 15.5;
				MARKETING_VERSION = 1.0;
				PRODUCT_BUNDLE_IDENTIFIER = noir.blinklyTests;
				PRODUCT_NAME = "$(TARGET_NAME)";
				SWIFT_EMIT_LOC_STRINGS = NO;
				SWIFT_VERSION = 5.0;
				TEST_HOST = "$(BUILT_PRODUCTS_DIR)/blinkly.app/$(BUNDLE_EXECUTABLE_FOLDER_PATH)/blinkly";
			};
			name = Debug;
		};
		6C67B0722E68D85200E2BD56 /* Release */ = {
			isa = XCBuildConfiguration;
			buildSettings = {
				BUNDLE_LOADER = "$(TEST_HOST)";
				CODE_SIGN_STYLE = Automatic;
				CURRENT_PROJECT_VERSION = 1;
				DEVELOPMENT_TEAM = K2683UGGYD;
				GENERATE_INFOPLIST_FILE = YES;
				MACOSX_DEPLOYMENT_TARGET = 15.5;
				MARKETING_VERSION = 1.0;
				PRODUCT_BUNDLE_IDENTIFIER = noir.blinklyTests;
				PRODUCT_NAME = "$(TARGET_NAME)";
				SWIFT_EMIT_LOC_STRINGS = NO;
				SWIFT_VERSION = 5.0;
				TEST_HOST = "$(BUILT_PRODUCTS_DIR)/blinkly.app/$(BUNDLE_EXECUTABLE_FOLDER_PATH)/blinkly";
			};
			name = Release;
		};
		6C67B0742E68D85200E2BD56 /* Debug */ = {
			isa = XCBuildConfiguration;
			buildSettings = {
				CODE_SIGN_STYLE = Automatic;
				CURRENT_PROJECT_VERSION = 1;
				DEVELOPMENT_TEAM = K2683UGGYD;
				GENERATE_INFOPLIST_FILE = YES;
				MARKETING_VERSION = 1.0;
				PRODUCT_BUNDLE_IDENTIFIER = noir.blinklyUITests;
				PRODUCT_NAME = "$(TARGET_NAME)";
				SWIFT_EMIT_LOC_STRINGS = NO;
				SWIFT_VERSION = 5.0;
				TEST_TARGET_NAME = blinkly;
			};
			name = Debug;
		};
		6C67B0752E68D85200E2BD56 /* Release */ = {
			isa = XCBuildConfiguration;
			buildSettings = {
				CODE_SIGN_STYLE = Automatic;
				CURRENT_PROJECT_VERSION = 1;
				DEVELOPMENT_TEAM = K2683UGGYD;
				GENERATE_INFOPLIST_FILE = YES;
				MARKETING_VERSION = 1.0;
				PRODUCT_BUNDLE_IDENTIFIER = noir.blinklyUITests;
				PRODUCT_NAME = "$(TARGET_NAME)";
				SWIFT_EMIT_LOC_STRINGS = NO;
				SWIFT_VERSION = 5.0;
				TEST_TARGET_NAME = blinkly;
			};
			name = Release;
		};
/* End XCBuildConfiguration section */

/* Begin XCConfigurationList section */
		6C67B0462E68D85100E2BD56 /* Build configuration list for PBXProject "blinkly" */ = {
			isa = XCConfigurationList;
			buildConfigurations = (
				6C67B06B2E68D85200E2BD56 /* Debug */,
				6C67B06C2E68D85200E2BD56 /* Release */,
			);
			defaultConfigurationIsVisible = 0;
			defaultConfigurationName = Release;
		};
		6C67B06D2E68D85200E2BD56 /* Build configuration list for PBXNativeTarget "blinkly" */ = {
			isa = XCConfigurationList;
			buildConfigurations = (
				6C67B06E2E68D85200E2BD56 /* Debug */,
				6C67B06F2E68D85200E2BD56 /* Release */,
			);
			defaultConfigurationIsVisible = 0;
			defaultConfigurationName = Release;
		};
		6C67B0702E68D85200E2BD56 /* Build configuration list for PBXNativeTarget "blinklyTests" */ = {
			isa = XCConfigurationList;
			buildConfigurations = (
				6C67B0712E68D85200E2BD56 /* Debug */,
				6C67B0722E68D85200E2BD56 /* Release */,
			);
			defaultConfigurationIsVisible = 0;
			defaultConfigurationName = Release;
		};
		6C67B0732E68D85200E2BD56 /* Build configuration list for PBXNativeTarget "blinklyUITests" */ = {
			isa = XCConfigurationList;
			buildConfigurations = (
				6C67B0742E68D85200E2BD56 /* Debug */,
				6C67B0752E68D85200E2BD56 /* Release */,
			);
			defaultConfigurationIsVisible = 0;
			defaultConfigurationName = Release;
		};
/* End XCConfigurationList section */
	};
	rootObject = 6C67B0432E68D85100E2BD56 /* Project object */;
}
